
Microsoft Visual Studio Solution File, Format Version 12.00
# Visual Studio Version 16
VisualStudioVersion = 16.0.32602.291
MinimumVisualStudioVersion = 10.0.40219.1
Project("{FAE04EC0-301F-11D3-BF4B-00C04F79EFBC}") = "MyWebApiApp", "MyWebApiApp\MyWebApiApp.csproj", "{1AFB45FC-D522-4727-B881-75401E5BF45C}"
EndProject
Global
	GlobalSection(SolutionConfigurationPlatforms) = preSolution
		Debug|Any CPU = Debug|Any CPU
		Release|Any CPU = Release|Any CPU
	EndGlobalSection
	GlobalSection(ProjectConfigurationPlatforms) = postSolution
		{1AFB45FC-D522-4727-B881-75401E5BF45C}.Debug|Any CPU.ActiveCfg = Debug|Any CPU
		{1AFB45FC-D522-4727-B881-75401E5BF45C}.Debug|Any CPU.Build.0 = Debug|Any CPU
		{1AFB45FC-D522-4727-B881-75401E5BF45C}.Release|Any CPU.ActiveCfg = Release|Any CPU
		{1AFB45FC-D522-4727-B881-75401E5BF45C}.Release|Any CPU.Build.0 = Release|Any CPU
	EndGlobalSection
	GlobalSection(SolutionProperties) = preSolution
		HideSolutionNode = FALSE
	EndGlobalSection
	GlobalSection(ExtensibilityGlobals) = postSolution
		SolutionGuid = {DFDE8280-25F1-452B-AB98-0CD01C20486B}
	EndGlobalSection
EndGlobal
